
Microsoft Visual Studio Solution File, Format Version 12.00
# Visual Studio Version 16
VisualStudioVersion = 16.0.30804.86
MinimumVisualStudioVersion = 10.0.40219.1
Project("{FAE04EC0-301F-11D3-BF4B-00C04F79EFBC}") = "CPSeed", "ShopEcommerce\CPSeed.csproj", "{C7180857-FC12-4C54-98F2-DD4A08513D73}"
EndProject
Global
	GlobalSection(SolutionConfigurationPlatforms) = preSolution
		Debug|Any CPU = Debug|Any CPU
		Release|Any CPU = Release|Any CPU
	EndGlobalSection
	GlobalSection(ProjectConfigurationPlatforms) = postSolution
		{C7180857-FC12-4C54-98F2-DD4A08513D73}.Debug|Any CPU.ActiveCfg = Debug|Any CPU
		{C7180857-FC12-4C54-98F2-DD4A08513D73}.Debug|Any CPU.Build.0 = Debug|Any CPU
		{C7180857-FC12-4C54-98F2-DD4A08513D73}.Release|Any CPU.ActiveCfg = Release|Any CPU
		{C7180857-FC12-4C54-98F2-DD4A08513D73}.Release|Any CPU.Build.0 = Release|Any CPU
	EndGlobalSection
	GlobalSection(SolutionProperties) = preSolution
		HideSolutionNode = FALSE
	EndGlobalSection
	GlobalSection(ExtensibilityGlobals) = postSolution
		SolutionGuid = {4ECA68CF-CF7F-4A51-AC30-95A2B07A681F}
	EndGlobalSection
EndGlobal
